
Microsoft Visual Studio Solution File, Format Version 12.00
# Visual Studio Express 2012 for Windows Desktop
Project("{FAE04EC0-301F-11D3-BF4B-00C04F79EFBC}") = "WifiProfiles", "WifiProfiles\WifiProfiles.csproj", "{4CE8135A-F8B0-4506-9830-D367859F5999}"
EndProject
Project("{FAE04EC0-301F-11D3-BF4B-00C04F79EFBC}") = "WifiUI", "WifiUI\WifiUI.csproj", "{7332BA80-9837-424F-B6E4-C0CD0D1A6524}"
EndProject
Global
	GlobalSection(SolutionConfigurationPlatforms) = preSolution
		Debug|Any CPU = Debug|Any CPU
		Release|Any CPU = Release|Any CPU
	EndGlobalSection
	GlobalSection(ProjectConfigurationPlatforms) = postSolution
		{4CE8135A-F8B0-4506-9830-D367859F5999}.Debug|Any CPU.ActiveCfg = Debug|Any CPU
		{4CE8135A-F8B0-4506-9830-D367859F5999}.Debug|Any CPU.Build.0 = Debug|Any CPU
		{4CE8135A-F8B0-4506-9830-D367859F5999}.Release|Any CPU.ActiveCfg = Release|Any CPU
		{4CE8135A-F8B0-4506-9830-D367859F5999}.Release|Any CPU.Build.0 = Release|Any CPU
		{7332BA80-9837-424F-B6E4-C0CD0D1A6524}.Debug|Any CPU.ActiveCfg = Debug|Any CPU
		{7332BA80-9837-424F-B6E4-C0CD0D1A6524}.Debug|Any CPU.Build.0 = Debug|Any CPU
		{7332BA80-9837-424F-B6E4-C0CD0D1A6524}.Release|Any CPU.ActiveCfg = Release|Any CPU
		{7332BA80-9837-424F-B6E4-C0CD0D1A6524}.Release|Any CPU.Build.0 = Release|Any CPU
	EndGlobalSection
	GlobalSection(SolutionProperties) = preSolution
		HideSolutionNode = FALSE
	EndGlobalSection
EndGlobal
